
Microsoft Visual Studio Solution File, Format Version 12.00
# Visual Studio Version 16
VisualStudioVersion = 16.0.31727.386
MinimumVisualStudioVersion = 10.0.40219.1
Project("{FAE04EC0-301F-11D3-BF4B-00C04F79EFBC}") = "hp3-vs2019-PullRequest", "hp3-vs2019-PullRequest.csproj", "{DDBED7BF-83F8-4AFD-820C-5ED075D2B411}"
EndProject
Global
	GlobalSection(SolutionConfigurationPlatforms) = preSolution
		Debug|Any CPU = Debug|Any CPU
		Release|Any CPU = Release|Any CPU
	EndGlobalSection
	GlobalSection(ProjectConfigurationPlatforms) = postSolution
		{DDBED7BF-83F8-4AFD-820C-5ED075D2B411}.Debug|Any CPU.ActiveCfg = Debug|Any CPU
		{DDBED7BF-83F8-4AFD-820C-5ED075D2B411}.Debug|Any CPU.Build.0 = Debug|Any CPU
		{DDBED7BF-83F8-4AFD-820C-5ED075D2B411}.Release|Any CPU.ActiveCfg = Release|Any CPU
		{DDBED7BF-83F8-4AFD-820C-5ED075D2B411}.Release|Any CPU.Build.0 = Release|Any CPU
	EndGlobalSection
	GlobalSection(SolutionProperties) = preSolution
		HideSolutionNode = FALSE
	EndGlobalSection
	GlobalSection(ExtensibilityGlobals) = postSolution
		SolutionGuid = {7766519C-B4DA-4B65-90BB-07F7AA266359}
	EndGlobalSection
EndGlobal
